Microsoft Visual Studio Solution File, Format Version 11.00
# Visual Studio 2008

Project("{062E7411-DC60-E184-D608-A3755E2B831B}") = "Crate Break", "Assembly-CSharp.csproj", "{1333216F-FE0E-ABF1-A522-CDC96761CA3A}"
EndProject
Global
	GlobalSection(SolutionConfigurationPlatforms) = preSolution
		Debug|Any CPU = Debug|Any CPU
		Release|Any CPU = Release|Any CPU
	EndGlobalSection
	GlobalSection(ProjectConfigurationPlatforms) = postSolution
		{1333216F-FE0E-ABF1-A522-CDC96761CA3A}.Debug|Any CPU.ActiveCfg = Debug|Any CPU
		{1333216F-FE0E-ABF1-A522-CDC96761CA3A}.Debug|Any CPU.Build.0 = Debug|Any CPU
		{1333216F-FE0E-ABF1-A522-CDC96761CA3A}.Release|Any CPU.ActiveCfg = Release|Any CPU
		{1333216F-FE0E-ABF1-A522-CDC96761CA3A}.Release|Any CPU.Build.0 = Release|Any CPU
	EndGlobalSection
	GlobalSection(SolutionProperties) = preSolution
		HideSolutionNode = FALSE
	EndGlobalSection
	GlobalSection(MonoDevelopProperties) = preSolution
		StartupItem = Assembly-CSharp.csproj
	EndGlobalSection
EndGlobal
